
Microsoft Visual Studio Solution File, Format Version 12.00
# Visual Studio Version 16
VisualStudioVersion = 16.0.29409.12
MinimumVisualStudioVersion = 10.0.40219.1
Project("{FAE04EC0-301F-11D3-BF4B-00C04F79EFBC}") = "task2", "task2\task2.csproj", "{26045B65-C4C5-47F9-A464-007BCD0E6623}"
EndProject
Global
	GlobalSection(SolutionConfigurationPlatforms) = preSolution
		Debug|Any CPU = Debug|Any CPU
		Release|Any CPU = Release|Any CPU
	EndGlobalSection
	GlobalSection(ProjectConfigurationPlatforms) = postSolution
		{26045B65-C4C5-47F9-A464-007BCD0E6623}.Debug|Any CPU.ActiveCfg = Debug|Any CPU
		{26045B65-C4C5-47F9-A464-007BCD0E6623}.Debug|Any CPU.Build.0 = Debug|Any CPU
		{26045B65-C4C5-47F9-A464-007BCD0E6623}.Release|Any CPU.ActiveCfg = Release|Any CPU
		{26045B65-C4C5-47F9-A464-007BCD0E6623}.Release|Any CPU.Build.0 = Release|Any CPU
	EndGlobalSection
	GlobalSection(SolutionProperties) = preSolution
		HideSolutionNode = FALSE
	EndGlobalSection
	GlobalSection(ExtensibilityGlobals) = postSolution
		SolutionGuid = {BA18F9B5-3D2B-42CB-9C1B-6DFFE9D985F0}
	EndGlobalSection
EndGlobal
