
Microsoft Visual Studio Solution File, Format Version 12.00
# Visual Studio Version 16
VisualStudioVersion = 16.0.30611.23
MinimumVisualStudioVersion = 10.0.40219.1
Project("{FAE04EC0-301F-11D3-BF4B-00C04F79EFBC}") = "CSC_AY2020_Task3", "CSC_AY2020_Task3.csproj", "{F57FD0BD-3A4B-452F-A699-05454198ED4B}"
EndProject
Global
	GlobalSection(SolutionConfigurationPlatforms) = preSolution
		Debug|Any CPU = Debug|Any CPU
		Release|Any CPU = Release|Any CPU
	EndGlobalSection
	GlobalSection(ProjectConfigurationPlatforms) = postSolution
		{F57FD0BD-3A4B-452F-A699-05454198ED4B}.Debug|Any CPU.ActiveCfg = Debug|Any CPU
		{F57FD0BD-3A4B-452F-A699-05454198ED4B}.Debug|Any CPU.Build.0 = Debug|Any CPU
		{F57FD0BD-3A4B-452F-A699-05454198ED4B}.Release|Any CPU.ActiveCfg = Release|Any CPU
		{F57FD0BD-3A4B-452F-A699-05454198ED4B}.Release|Any CPU.Build.0 = Release|Any CPU
	EndGlobalSection
	GlobalSection(SolutionProperties) = preSolution
		HideSolutionNode = FALSE
	EndGlobalSection
	GlobalSection(ExtensibilityGlobals) = postSolution
		SolutionGuid = {C492E296-4BEB-471A-A7D8-A7C1FB51D3D4}
	EndGlobalSection
EndGlobal
