
Microsoft Visual Studio Solution File, Format Version 12.00
# Visual Studio Version 16
VisualStudioVersion = 16.0.30804.86
MinimumVisualStudioVersion = 10.0.40219.1
Project("{FAE04EC0-301F-11D3-BF4B-00C04F79EFBC}") = "CSC_AY2020_Task6_new", "CSC_AY2020_Task6_new.csproj", "{483A0C1A-0FE9-44A8-8AC8-B522540B21C0}"
EndProject
Global
	GlobalSection(SolutionConfigurationPlatforms) = preSolution
		Debug|Any CPU = Debug|Any CPU
		Release|Any CPU = Release|Any CPU
	EndGlobalSection
	GlobalSection(ProjectConfigurationPlatforms) = postSolution
		{483A0C1A-0FE9-44A8-8AC8-B522540B21C0}.Debug|Any CPU.ActiveCfg = Debug|Any CPU
		{483A0C1A-0FE9-44A8-8AC8-B522540B21C0}.Debug|Any CPU.Build.0 = Debug|Any CPU
		{483A0C1A-0FE9-44A8-8AC8-B522540B21C0}.Release|Any CPU.ActiveCfg = Release|Any CPU
		{483A0C1A-0FE9-44A8-8AC8-B522540B21C0}.Release|Any CPU.Build.0 = Release|Any CPU
	EndGlobalSection
	GlobalSection(SolutionProperties) = preSolution
		HideSolutionNode = FALSE
	EndGlobalSection
	GlobalSection(ExtensibilityGlobals) = postSolution
		SolutionGuid = {A2A86F5E-2C82-4394-A770-7D038E45B83F}
	EndGlobalSection
EndGlobal
